{
	"name": "@leancloud/platform-adapters-alipay",
	"version": "1.4.2",
	"lockfileVersion": 2,
	"requires": true,
	"packages": {
		"": {
			"name": "@leancloud/platform-adapters-alipay",
			"version": "1.4.1",
			"license": "MIT",
			"dependencies": {
				"base64-arraybuffer": "^0.2.0",
				"event-target-shim": "^5.0.1"
			}
		},
		"node_modules/base64-arraybuffer": {
			"version": "0.2.0",
			"resolved": "https://registry.npmjs.org/base64-arraybuffer/-/base64-arraybuffer-0.2.0.tgz",
			"integrity": "sha512-7emyCsu1/xiBXgQZrscw/8KPRT44I4Yq9Pe6EGs3aPRTsWuggML1/1DTuZUuIaJPIm1FTDUVXl4x/yW8s0kQDQ==",
			"engines": {
				"node": ">= 0.6.0"
			}
		},
		"node_modules/event-target-shim": {
			"version": "5.0.1",
			"resolved": "https://registry.npmjs.org/event-target-shim/-/event-target-shim-5.0.1.tgz",
			"integrity": "sha512-i/2XbnSz/uxRCU6+NdVJgKWDTM427+MqYbkQzD321DuCQJUqOuJKIA0IM2+W2xtYHdKOmZ4dR6fExsd4SXL+WQ==",
			"engines": {
				"node": ">=6"
			}
		}
	},
	"dependencies": {
		"base64-arraybuffer": {
			"version": "0.2.0",
			"resolved": "https://registry.npmjs.org/base64-arraybuffer/-/base64-arraybuffer-0.2.0.tgz",
			"integrity": "sha512-7emyCsu1/xiBXgQZrscw/8KPRT44I4Yq9Pe6EGs3aPRTsWuggML1/1DTuZUuIaJPIm1FTDUVXl4x/yW8s0kQDQ=="
		},
		"event-target-shim": {
			"version": "5.0.1",
			"resolved": "https://registry.npmjs.org/event-target-shim/-/event-target-shim-5.0.1.tgz",
			"integrity": "sha512-i/2XbnSz/uxRCU6+NdVJgKWDTM427+MqYbkQzD321DuCQJUqOuJKIA0IM2+W2xtYHdKOmZ4dR6fExsd4SXL+WQ=="
		}
	}
}
