{
	"name": "@leancloud/platform-adapters-quickapp",
	"version": "0.5.2",
	"lockfileVersion": 2,
	"requires": true,
	"packages": {
		"": {
			"name": "@leancloud/platform-adapters-quickapp",
			"version": "0.5.1",
			"license": "MIT",
			"dependencies": {
				"@types/quickapp": "leeyeh/quickapp-types#f193c07",
				"event-target-shim": "^5.0.1"
			}
		},
		"node_modules/@types/quickapp": {
			"version": "1.0.1",
			"resolved": "git+ssh://git@github.com/leeyeh/quickapp-types.git#f193c074eccde3b911e466ddefb490315144f958",
			"integrity": "sha512-sYks4VlV8RpIciCYwS7Cuo2xd8TmbrTDPaSEgVkDBq8EWQigObsrrEgmgWUMRX/cb8w7AzKMAanjVtXe61GjRg==",
			"license": "MIT"
		},
		"node_modules/event-target-shim": {
			"version": "5.0.1",
			"resolved": "https://registry.npmjs.org/event-target-shim/-/event-target-shim-5.0.1.tgz",
			"integrity": "sha512-i/2XbnSz/uxRCU6+NdVJgKWDTM427+MqYbkQzD321DuCQJUqOuJKIA0IM2+W2xtYHdKOmZ4dR6fExsd4SXL+WQ==",
			"engines": {
				"node": ">=6"
			}
		}
	},
	"dependencies": {
		"@types/quickapp": {
			"version": "git+ssh://git@github.com/leeyeh/quickapp-types.git#f193c074eccde3b911e466ddefb490315144f958",
			"integrity": "sha512-sYks4VlV8RpIciCYwS7Cuo2xd8TmbrTDPaSEgVkDBq8EWQigObsrrEgmgWUMRX/cb8w7AzKMAanjVtXe61GjRg==",
			"from": "@types/quickapp@leeyeh/quickapp-types#f193c07"
		},
		"event-target-shim": {
			"version": "5.0.1",
			"resolved": "https://registry.npmjs.org/event-target-shim/-/event-target-shim-5.0.1.tgz",
			"integrity": "sha512-i/2XbnSz/uxRCU6+NdVJgKWDTM427+MqYbkQzD321DuCQJUqOuJKIA0IM2+W2xtYHdKOmZ4dR6fExsd4SXL+WQ=="
		}
	}
}
