{
  "name": "@leancloud/platform-adapters-weapp",
  "version": "1.0.3",
  "lockfileVersion": 1,
  "requires": true,
  "dependencies": {
    "@leancloud/adapter-types": {
      "version": "1.0.2",
      "resolved": "https://registry.npmjs.org/@leancloud/adapter-types/-/adapter-types-1.0.2.tgz",
      "integrity": "sha512-ohfYsFZ0u+qa2i+/JFL5e712yVoP7L3RY904alCGE51wAne6Rfjp6uRNrrW83N+WpCD66FvrQuvb3Q/cHmOdvQ=="
    },
    "event-target-shim": {
      "version": "5.0.1",
      "resolved": "https://registry.npmjs.org/event-target-shim/-/event-target-shim-5.0.1.tgz",
      "integrity": "sha512-i/2XbnSz/uxRCU6+NdVJgKWDTM427+MqYbkQzD321DuCQJUqOuJKIA0IM2+W2xtYHdKOmZ4dR6fExsd4SXL+WQ=="
    },
    "miniprogram-api-typings": {
      "version": "2.10.4",
      "resolved": "https://registry.npmjs.org/miniprogram-api-typings/-/miniprogram-api-typings-2.10.4.tgz",
      "integrity": "sha512-IXWi6sJFd/EH1wNR8rtOx2+hJOwZk7jKFVIshQ0aAlRaKk0P4Jack4SItzUwNURgRykvrleGgErI/jH5hsiniw=="
    }
  }
}
