{
	"name": "@leancloud/platform-adapters-weapp",
	"version": "1.6.1",
	"lockfileVersion": 2,
	"requires": true,
	"packages": {
		"": {
			"name": "@leancloud/platform-adapters-weapp",
			"version": "1.6.1",
			"license": "MIT",
			"dependencies": {
				"event-target-shim": "^5.0.1",
				"miniprogram-api-typings": "^2.10.2"
			}
		},
		"node_modules/event-target-shim": {
			"version": "5.0.1",
			"resolved": "https://registry.npmjs.org/event-target-shim/-/event-target-shim-5.0.1.tgz",
			"integrity": "sha512-i/2XbnSz/uxRCU6+NdVJgKWDTM427+MqYbkQzD321DuCQJUqOuJKIA0IM2+W2xtYHdKOmZ4dR6fExsd4SXL+WQ==",
			"engines": {
				"node": ">=6"
			}
		},
		"node_modules/miniprogram-api-typings": {
			"version": "2.10.2",
			"resolved": "https://registry.npmjs.org/miniprogram-api-typings/-/miniprogram-api-typings-2.10.2.tgz",
			"integrity": "sha512-nb2vtGCVyNRJqR8C01RVg9H4qCuq5u2eCdEVjrSO1E9ZDonUApCePs3ZEtd0C8CbTuBmp5ZlGhX1Npnu5dxEfg=="
		}
	},
	"dependencies": {
		"event-target-shim": {
			"version": "5.0.1",
			"resolved": "https://registry.npmjs.org/event-target-shim/-/event-target-shim-5.0.1.tgz",
			"integrity": "sha512-i/2XbnSz/uxRCU6+NdVJgKWDTM427+MqYbkQzD321DuCQJUqOuJKIA0IM2+W2xtYHdKOmZ4dR6fExsd4SXL+WQ=="
		},
		"miniprogram-api-typings": {
			"version": "2.10.2",
			"resolved": "https://registry.npmjs.org/miniprogram-api-typings/-/miniprogram-api-typings-2.10.2.tgz",
			"integrity": "sha512-nb2vtGCVyNRJqR8C01RVg9H4qCuq5u2eCdEVjrSO1E9ZDonUApCePs3ZEtd0C8CbTuBmp5ZlGhX1Npnu5dxEfg=="
		}
	}
}
