{
	"name": "@leancloud/runtime-adapters-quickapp",
	"version": "0.0.1",
	"lockfileVersion": 1,
	"requires": true,
	"dependencies": {
		"@types/quickapp": {
			"version": "github:leeyeh/quickapp-types#f193c074eccde3b911e466ddefb490315144f958",
			"from": "github:leeyeh/quickapp-types#f193c07",
			"dev": true
		}
	}
}
