{
	"name": "@leancloud/platform-adapters-node",
	"version": "1.5.2",
	"lockfileVersion": 2,
	"requires": true,
	"packages": {
		"": {
			"name": "@leancloud/platform-adapters-node",
			"version": "1.5.2",
			"license": "MIT",
			"dependencies": {
				"@types/ws": "^7.2.2",
				"localstorage-memory": "^1.0.2",
				"ws": "^5.2.2"
			}
		},
		"node_modules/@types/node": {
			"version": "18.0.3",
			"resolved": "https://registry.npmjs.org/@types/node/-/node-18.0.3.tgz",
			"integrity": "sha512-HzNRZtp4eepNitP+BD6k2L6DROIDG4Q0fm4x+dwfsr6LGmROENnok75VGw40628xf+iR24WeMFcHuuBDUAzzsQ=="
		},
		"node_modules/@types/ws": {
			"version": "7.2.2",
			"resolved": "https://registry.npmjs.org/@types/ws/-/ws-7.2.2.tgz",
			"integrity": "sha512-oqnI3DbGCVI9zJ/WHdFo3CUE8jQ8CVQDUIKaDtlTcNeT4zs6UCg9Gvk5QrFx2QPkRszpM6yc8o0p4aGjCsTi+w==",
			"dependencies": {
				"@types/node": "*"
			}
		},
		"node_modules/async-limiter": {
			"version": "1.0.1",
			"resolved": "https://registry.npmjs.org/async-limiter/-/async-limiter-1.0.1.tgz",
			"integrity": "sha512-csOlWGAcRFJaI6m+F2WKdnMKr4HhdhFVBk0H/QbJFMCr+uO2kwohwXQPxw/9OCxp05r5ghVBFSyioixx3gfkNQ=="
		},
		"node_modules/localstorage-memory": {
			"version": "1.0.2",
			"resolved": "https://registry.npmjs.org/localstorage-memory/-/localstorage-memory-1.0.2.tgz",
			"integrity": "sha512-3LOWtb5xZ78LjQvCN2siQ1VPPKcuZkAHJ7nsndIhqzyBMiNBIjR0M9rhyqdo6Rbuz2fY+5wayDPMcInD4ApdcA=="
		},
		"node_modules/ws": {
			"version": "5.2.2",
			"resolved": "https://registry.npmjs.org/ws/-/ws-5.2.2.tgz",
			"integrity": "sha512-jaHFD6PFv6UgoIVda6qZllptQsMlDEJkTQcybzzXDYM1XO9Y8em691FGMPmM46WGyLU4z9KMgQN+qrux/nhlHA==",
			"dependencies": {
				"async-limiter": "~1.0.0"
			}
		}
	},
	"dependencies": {
		"@types/node": {
			"version": "18.0.3",
			"resolved": "https://registry.npmjs.org/@types/node/-/node-18.0.3.tgz",
			"integrity": "sha512-HzNRZtp4eepNitP+BD6k2L6DROIDG4Q0fm4x+dwfsr6LGmROENnok75VGw40628xf+iR24WeMFcHuuBDUAzzsQ=="
		},
		"@types/ws": {
			"version": "7.2.2",
			"resolved": "https://registry.npmjs.org/@types/ws/-/ws-7.2.2.tgz",
			"integrity": "sha512-oqnI3DbGCVI9zJ/WHdFo3CUE8jQ8CVQDUIKaDtlTcNeT4zs6UCg9Gvk5QrFx2QPkRszpM6yc8o0p4aGjCsTi+w==",
			"requires": {
				"@types/node": "*"
			}
		},
		"async-limiter": {
			"version": "1.0.1",
			"resolved": "https://registry.npmjs.org/async-limiter/-/async-limiter-1.0.1.tgz",
			"integrity": "sha512-csOlWGAcRFJaI6m+F2WKdnMKr4HhdhFVBk0H/QbJFMCr+uO2kwohwXQPxw/9OCxp05r5ghVBFSyioixx3gfkNQ=="
		},
		"localstorage-memory": {
			"version": "1.0.2",
			"resolved": "https://registry.npmjs.org/localstorage-memory/-/localstorage-memory-1.0.2.tgz",
			"integrity": "sha512-3LOWtb5xZ78LjQvCN2siQ1VPPKcuZkAHJ7nsndIhqzyBMiNBIjR0M9rhyqdo6Rbuz2fY+5wayDPMcInD4ApdcA=="
		},
		"ws": {
			"version": "5.2.2",
			"resolved": "https://registry.npmjs.org/ws/-/ws-5.2.2.tgz",
			"integrity": "sha512-jaHFD6PFv6UgoIVda6qZllptQsMlDEJkTQcybzzXDYM1XO9Y8em691FGMPmM46WGyLU4z9KMgQN+qrux/nhlHA==",
			"requires": {
				"async-limiter": "~1.0.0"
			}
		}
	}
}
